
Microsoft Visual Studio Solution File, Format Version 12.00
# Visual Studio 15
Project("{9344BDBB-3E7F-41FC-A0DD-8665D75EE146}") = "MovieProjectApi", "MovieProjectApi\MovieProjectApi.csproj", "{DB78B507-EBE9-47AB-A44F-54F3E17F8444}"
EndProject
Global
	GlobalSection(SolutionConfigurationPlatforms) = preSolution
		Debug|Any CPU = Debug|Any CPU
		Release|Any CPU = Release|Any CPU
	EndGlobalSection
	GlobalSection(ProjectConfigurationPlatforms) = postSolution
		{DB78B507-EBE9-47AB-A44F-54F3E17F8444}.Debug|Any CPU.ActiveCfg = Debug|Any CPU
		{DB78B507-EBE9-47AB-A44F-54F3E17F8444}.Debug|Any CPU.Build.0 = Debug|Any CPU
		{DB78B507-EBE9-47AB-A44F-54F3E17F8444}.Release|Any CPU.ActiveCfg = Release|Any CPU
		{DB78B507-EBE9-47AB-A44F-54F3E17F8444}.Release|Any CPU.Build.0 = Release|Any CPU
	EndGlobalSection
EndGlobal
